
Microsoft Visual Studio Solution File, Format Version 12.00
Project("{FAE04EC0-301F-11D3-BF4B-00C04F79EFBC}") = "Armada.Client", "Armada.Client\Armada.Client.csproj", "{8016908D-697F-48B0-9AAA-048A64A06FA8}"
EndProject
Project("{FAE04EC0-301F-11D3-BF4B-00C04F79EFBC}") = "Armada.Client.Test", "Armada.Client.Test\Armada.Client.Test.csproj", "{FFF216CF-27D6-4E56-B472-30092FF6AE4D}"
EndProject
Global
	GlobalSection(SolutionConfigurationPlatforms) = preSolution
		Debug|Any CPU = Debug|Any CPU
		Release|Any CPU = Release|Any CPU
	EndGlobalSection
	GlobalSection(ProjectConfigurationPlatforms) = postSolution
		{8016908D-697F-48B0-9AAA-048A64A06FA8}.Debug|Any CPU.ActiveCfg = Debug|Any CPU
		{8016908D-697F-48B0-9AAA-048A64A06FA8}.Debug|Any CPU.Build.0 = Debug|Any CPU
		{8016908D-697F-48B0-9AAA-048A64A06FA8}.Release|Any CPU.ActiveCfg = Release|Any CPU
		{8016908D-697F-48B0-9AAA-048A64A06FA8}.Release|Any CPU.Build.0 = Release|Any CPU
		{FFF216CF-27D6-4E56-B472-30092FF6AE4D}.Debug|Any CPU.ActiveCfg = Debug|Any CPU
		{FFF216CF-27D6-4E56-B472-30092FF6AE4D}.Debug|Any CPU.Build.0 = Debug|Any CPU
		{FFF216CF-27D6-4E56-B472-30092FF6AE4D}.Release|Any CPU.ActiveCfg = Release|Any CPU
		{FFF216CF-27D6-4E56-B472-30092FF6AE4D}.Release|Any CPU.Build.0 = Release|Any CPU
	EndGlobalSection
EndGlobal
