dependencies:
- name: redis-ha
  repository: https://dandydeveloper.github.io/charts/
  version: 4.22.4
- name: postgresql
  repository: https://charts.bitnami.com/bitnami
  version: 12.1.8
- name: stan
  repository: https://nats-io.github.io/k8s/helm/charts/
  version: 0.13.0
- name: pulsar
  repository: https://pulsar.apache.org/charts
  version: 2.9.4
- name: armada-server
  repository: ""
  version: 0.0.1
- name: armada-event-ingester
  repository: ""
  version: 0.0.1
- name: armada-lookout
  repository: ""
  version: 0.0.1
- name: armada-lookout-ingester
  repository: ""
  version: 0.0.1
- name: armada-lookout-migration
  repository: ""
  version: 0.0.1
- name: armada-lookout-v2
  repository: ""
  version: 0.0.1
- name: armada-lookout-ingester-v2
  repository: ""
  version: 0.0.1
- name: armada-lookout-migration-v2
  repository: ""
  version: 0.0.1
digest: sha256:23dd884dce46b8e84519799de2ebfaa258e3d1c8a5832264e692d6bd83377476
generated: "2023-01-11T14:17:43.3797508Z"
