dependencies:
- name: redis-ha
  repository: https://dandydeveloper.github.io/charts
  version: 4.15.0
- name: postgresql
  repository: https://charts.bitnami.com/bitnami
  version: 11.1.27
- name: armada-lookout-migration
  repository: https://armadaproject.github.io/charts/
  version: v0.3.20
- name: stan
  repository: https://nats-io.github.io/k8s/helm/charts
  version: 0.13.0
- name: pulsar
  repository: https://pulsar.apache.org/charts
  version: 2.9.3
- name: armada
  repository: https://armadaproject.github.io/charts/
  version: v0.3.36
- name: armada-executor
  repository: https://armadaproject.github.io/charts/
  version: v0.3.36
- name: armada-lookout
  repository: https://armadaproject.github.io/charts/
  version: v0.3.36
- name: armada-lookout-ingester
  repository: https://armadaproject.github.io/charts/
  version: v0.3.36
- name: executor-cluster-monitoring
  repository: https://armadaproject.github.io/charts
  version: v0.1.9
digest: sha256:07796bf433ad7f1f17836c7032692d6dc617fee16a34a05a9050ed3671d8fe81
generated: "2022-10-26T17:56:44.975573+02:00"
