{
    "_meta": {
        "hash": {
            "sha256": "f1940c1a26dbf41dd66d72d69c4bd8f103954d3d56e0e5eb73dbe0be6999f924"
        },
        "pipfile-spec": 6,
        "requires": {
            "python_version": "3.9"
        },
        "sources": [
            {
                "name": "pypi",
                "url": "https://pypi.org/simple",
                "verify_ssl": true
            }
        ]
    },
    "default": {
        "certifi": {
            "hashes": [
                "sha256:2bbf76fd432960138b3ef6dda3dde0544f27cbf8546c458e60baf371917ba9ee",
                "sha256:50b1e4f8446b06f41be7dd6338db18e0990601dce795c2b1686458aa7e8fa7d8"
            ],
            "version": "==2021.5.30"
        },
        "chardet": {
            "hashes": [
                "sha256:0d6f53a15db4120f2b08c94f11e7d93d2c911ee118b6b30a04ec3ee8310179fa",
                "sha256:f864054d66fd9118f2e67044ac8981a54775ec5b67aed0441892edb553d21da5"
            ],
            "version": "==4.0.0"
        },
        "click": {
            "hashes": [
                "sha256:8c04c11192119b1ef78ea049e0a6f0463e4c48ef00a30160c704337586f3ad7a",
                "sha256:fba402a4a47334742d782209a7c79bc448911afe1149d07bdabdf480b3e2f4b6"
            ],
            "version": "==8.0.1"
        },
        "flask": {
            "hashes": [
                "sha256:4efa1ae2d7c9865af48986de8aeb8504bf32c7f3d6fdc9353d34b21f4b127060",
                "sha256:8a4fdd8936eba2512e9c85df320a37e694c93945b33ef33c89946a340a238557"
            ],
            "index": "pypi",
            "version": "==1.1.2"
        },
        "future": {
            "hashes": [
                "sha256:b1bead90b70cf6ec3f0710ae53a525360fa360d306a86583adc6bf83a4db537d"
            ],
            "version": "==0.18.2"
        },
        "idna": {
            "hashes": [
                "sha256:b307872f855b18632ce0c21c5e45be78c0ea7ae4c15c828c20788b26921eb3f6",
                "sha256:b97d804b1e9b523befed77c48dacec60e6dcb0b5391d57af6a65a312a90648c0"
            ],
            "version": "==2.10"
        },
        "itsdangerous": {
            "hashes": [
                "sha256:5174094b9637652bdb841a3029700391451bd092ba3db90600dea710ba28e97c",
                "sha256:9e724d68fc22902a1435351f84c3fb8623f303fffcc566a4cb952df8c572cff0"
            ],
            "version": "==2.0.1"
        },
        "jinja2": {
            "hashes": [
                "sha256:1f06f2da51e7b56b8f238affdd6b4e2c61e39598a378cc49345bc1bd42a978a4",
                "sha256:703f484b47a6af502e743c9122595cc812b0271f661722403114f71a79d0f5a4"
            ],
            "version": "==3.0.1"
        },
        "markupsafe": {
            "hashes": [
                "sha256:01a9b8ea66f1658938f65b93a85ebe8bc016e6769611be228d797c9d998dd298",
                "sha256:023cb26ec21ece8dc3907c0e8320058b2e0cb3c55cf9564da612bc325bed5e64",
                "sha256:0446679737af14f45767963a1a9ef7620189912317d095f2d9ffa183a4d25d2b",
                "sha256:0717a7390a68be14b8c793ba258e075c6f4ca819f15edfc2a3a027c823718567",
                "sha256:0955295dd5eec6cb6cc2fe1698f4c6d84af2e92de33fbcac4111913cd100a6ff",
                "sha256:10f82115e21dc0dfec9ab5c0223652f7197feb168c940f3ef61563fc2d6beb74",
                "sha256:1d609f577dc6e1aa17d746f8bd3c31aa4d258f4070d61b2aa5c4166c1539de35",
                "sha256:2ef54abee730b502252bcdf31b10dacb0a416229b72c18b19e24a4509f273d26",
                "sha256:3c112550557578c26af18a1ccc9e090bfe03832ae994343cfdacd287db6a6ae7",
                "sha256:47ab1e7b91c098ab893b828deafa1203de86d0bc6ab587b160f78fe6c4011f75",
                "sha256:49e3ceeabbfb9d66c3aef5af3a60cc43b85c33df25ce03d0031a608b0a8b2e3f",
                "sha256:4efca8f86c54b22348a5467704e3fec767b2db12fc39c6d963168ab1d3fc9135",
                "sha256:53edb4da6925ad13c07b6d26c2a852bd81e364f95301c66e930ab2aef5b5ddd8",
                "sha256:594c67807fb16238b30c44bdf74f36c02cdf22d1c8cda91ef8a0ed8dabf5620a",
                "sha256:611d1ad9a4288cf3e3c16014564df047fe08410e628f89805e475368bd304914",
                "sha256:6557b31b5e2c9ddf0de32a691f2312a32f77cd7681d8af66c2692efdbef84c18",
                "sha256:693ce3f9e70a6cf7d2fb9e6c9d8b204b6b39897a2c4a1aa65728d5ac97dcc1d8",
                "sha256:6a7fae0dd14cf60ad5ff42baa2e95727c3d81ded453457771d02b7d2b3f9c0c2",
                "sha256:6c4ca60fa24e85fe25b912b01e62cb969d69a23a5d5867682dd3e80b5b02581d",
                "sha256:7d91275b0245b1da4d4cfa07e0faedd5b0812efc15b702576d103293e252af1b",
                "sha256:905fec760bd2fa1388bb5b489ee8ee5f7291d692638ea5f67982d968366bef9f",
                "sha256:97383d78eb34da7e1fa37dd273c20ad4320929af65d156e35a5e2d89566d9dfb",
                "sha256:984d76483eb32f1bcb536dc27e4ad56bba4baa70be32fa87152832cdd9db0833",
                "sha256:a30e67a65b53ea0a5e62fe23682cfe22712e01f453b95233b25502f7c61cb415",
                "sha256:ab3ef638ace319fa26553db0624c4699e31a28bb2a835c5faca8f8acf6a5a902",
                "sha256:b2f4bf27480f5e5e8ce285a8c8fd176c0b03e93dcc6646477d4630e83440c6a9",
                "sha256:b7f2d075102dc8c794cbde1947378051c4e5180d52d276987b8d28a3bd58c17d",
                "sha256:be98f628055368795d818ebf93da628541e10b75b41c559fdf36d104c5787066",
                "sha256:d7f9850398e85aba693bb640262d3611788b1f29a79f0c93c565694658f4071f",
                "sha256:f5653a225f31e113b152e56f154ccbe59eeb1c7487b39b9d9f9cdb58e6c79dc5",
                "sha256:f826e31d18b516f653fe296d967d700fddad5901ae07c622bb3705955e1faa94",
                "sha256:f8ba0e8349a38d3001fae7eadded3f6606f0da5d748ee53cc1dab1d6527b9509",
                "sha256:f9081981fe268bd86831e5c75f7de206ef275defcb82bc70740ae6dc507aee51",
                "sha256:fa130dd50c57d53368c9d59395cb5526eda596d3ffe36666cd81a44d56e48872"
            ],
            "version": "==2.0.1"
        },
        "pycryptodomex": {
            "hashes": [
                "sha256:00a584ee52bf5e27d540129ca9bf7c4a7e7447f24ff4a220faa1304ad0c09bcd",
                "sha256:04265a7a84ae002001249bd1de2823bcf46832bd4b58f6965567cb8a07cf4f00",
                "sha256:0bd35af6a18b724c689e56f2dbbdd8e409288be71952d271ba3d9614b31d188c",
                "sha256:20c45a30f3389148f94edb77f3b216c677a277942f62a2b81a1cc0b6b2dde7fc",
                "sha256:2959304d1ce31ab303d9fb5db2b294814278b35154d9b30bf7facc52d6088d0a",
                "sha256:36dab7f506948056ceba2d57c1ade74e898401960de697cefc02f3519bd26c1b",
                "sha256:37ec1b407ec032c7a0c1fdd2da12813f560bad38ae61ad9c7ce3c0573b3e5e30",
                "sha256:3b8eb85b3cc7f083d87978c264d10ff9de3b4bfc46f1c6fdc2792e7d7ebc87bb",
                "sha256:3dfce70c4e425607ae87b8eae67c9c7dbba59a33b62d70f79417aef0bc5c735b",
                "sha256:418f51c61eab52d9920f4ef468d22c89dab1be5ac796f71cf3802f6a6e667df0",
                "sha256:4195604f75cdc1db9bccdb9e44d783add3c817319c30aaff011670c9ed167690",
                "sha256:4344ab16faf6c2d9df2b6772995623698fb2d5f114dace4ab2ff335550cf71d5",
                "sha256:541cd3e3e252fb19a7b48f420b798b53483302b7fe4d9954c947605d0a263d62",
                "sha256:564063e3782474c92cbb333effd06e6eb718471783c6e67f28c63f0fc3ac7b23",
                "sha256:72f44b5be46faef2a1bf2a85902511b31f4dd7b01ce0c3978e92edb2cc812a82",
                "sha256:8a98e02cbf8f624add45deff444539bf26345b479fc04fa0937b23cd84078d91",
                "sha256:940db96449d7b2ebb2c7bf190be1514f3d67914bd37e54e8d30a182bd375a1a9",
                "sha256:961333e7ee896651f02d4692242aa36b787b8e8e0baa2256717b2b9d55ae0a3c",
                "sha256:9f713ffb4e27b5575bd917c70bbc3f7b348241a351015dbbc514c01b7061ff7e",
                "sha256:a6584ae58001d17bb4dc0faa8a426919c2c028ef4d90ceb4191802ca6edb8204",
                "sha256:c2b680987f418858e89dbb4f09c8c919ece62811780a27051ace72b2f69fb1be",
                "sha256:d8fae5ba3d34c868ae43614e0bd6fb61114b2687ac3255798791ce075d95aece",
                "sha256:dbd2c361db939a4252589baa94da4404d45e3fc70da1a31e541644cdf354336e",
                "sha256:e090a8609e2095aa86978559b140cf8968af99ee54b8791b29ff804838f29f10",
                "sha256:e4a1245e7b846e88ba63e7543483bda61b9acbaee61eadbead5a1ce479d94740",
                "sha256:ec9901d19cadb80d9235ee41cc58983f18660314a0eb3fc7b11b0522ac3b6c4a",
                "sha256:f2abeb4c4ce7584912f4d637b2c57f23720d35dd2892bfeb1b2c84b6fb7a8c88",
                "sha256:f3bb267df679f70a9f40f17d62d22fe12e8b75e490f41807e7560de4d3e6bf9f",
                "sha256:f933ecf4cb736c7af60a6a533db2bf569717f2318b265f92907acff1db43bc34",
                "sha256:fc9c55dc1ed57db76595f2d19a479fc1c3a1be2c9da8de798a93d286c5f65f38"
            ],
            "version": "==3.10.1"
        },
        "pyjwkest": {
            "hashes": [
                "sha256:5560fd5ba08655f29ff6ad1df1e15dc05abc9d976fcbcec8d2b5167f49b70222"
            ],
            "index": "pypi",
            "version": "==1.4.2"
        },
        "requests": {
            "hashes": [
                "sha256:27973dd4a904a4f13b263a19c866c13b92a39ed1c964655f025f3f8d3d75b804",
                "sha256:c210084e36a42ae6b9219e00e48287def368a26d03a048ddad7bfee44f75871e"
            ],
            "version": "==2.25.1"
        },
        "six": {
            "hashes": [
                "sha256:1e61c37477a1626458e36f7b1d82aa5c9b094fa4802892072e49de9c60c4c926",
                "sha256:8abb2f1d86890a2dfb989f9a77cfcfd3e47c2a354b01111771326f8aa26e0254"
            ],
            "version": "==1.16.0"
        },
        "urllib3": {
            "hashes": [
                "sha256:753a0374df26658f99d826cfe40394a686d05985786d946fbe4165b5148f5a7c",
                "sha256:a7acd0977125325f516bda9735fa7142b909a8d01e8b2e4c8108d0984e6e0098"
            ],
            "index": "pypi",
            "version": "==1.26.5"
        },
        "werkzeug": {
            "hashes": [
                "sha256:1de1db30d010ff1af14a009224ec49ab2329ad2cde454c8a708130642d579c42",
                "sha256:6c1ec500dcdba0baa27600f6a22f6333d8b662d22027ff9f6202e3367413caa8"
            ],
            "version": "==2.0.1"
        }
    },
    "develop": {}
}
